
Microsoft Visual Studio Solution File, Format Version 12.00
Project("{FAE04EC0-301F-11D3-BF4B-00C04F79EFBC}") = "Search_and_Replace", "Search_and_Replace\Search_and_Replace.csproj", "{8045C713-6B91-424E-BE48-97BE97D8A408}"
EndProject
Global
	GlobalSection(SolutionConfigurationPlatforms) = preSolution
		Debug|Any CPU = Debug|Any CPU
		Release|Any CPU = Release|Any CPU
	EndGlobalSection
	GlobalSection(ProjectConfigurationPlatforms) = postSolution
		{8045C713-6B91-424E-BE48-97BE97D8A408}.Debug|Any CPU.ActiveCfg = Debug|Any CPU
		{8045C713-6B91-424E-BE48-97BE97D8A408}.Debug|Any CPU.Build.0 = Debug|Any CPU
		{8045C713-6B91-424E-BE48-97BE97D8A408}.Release|Any CPU.ActiveCfg = Release|Any CPU
		{8045C713-6B91-424E-BE48-97BE97D8A408}.Release|Any CPU.Build.0 = Release|Any CPU
	EndGlobalSection
EndGlobal
